
Microsoft Visual Studio Solution File, Format Version 12.00
# Visual Studio Version 16
VisualStudioVersion = 16.6.30114.105
MinimumVisualStudioVersion = 10.0.40219.1
Project("{FAE04EC0-301F-11D3-BF4B-00C04F79EFBC}") = "API", "API\API.csproj", "{E774BEAF-6251-486E-BF72-43D61987FC02}"
EndProject
Project("{FAE04EC0-301F-11D3-BF4B-00C04F79EFBC}") = "Application", "Application\Application.csproj", "{6ECEF906-E0E3-4A2E-949B-7DB91C378439}"
EndProject
Project("{FAE04EC0-301F-11D3-BF4B-00C04F79EFBC}") = "Domain", "Domain\Domain.csproj", "{EF1138D7-32AA-4582-A4CC-9A5FBB0BAA90}"
EndProject
Project("{FAE04EC0-301F-11D3-BF4B-00C04F79EFBC}") = "Persistence", "Persistence\Persistence.csproj", "{273516B9-CF0F-47F3-9C20-CAD7B81B7050}"
EndProject
Global
	GlobalSection(SolutionConfigurationPlatforms) = preSolution
		Debug|Any CPU = Debug|Any CPU
		Debug|x64 = Debug|x64
		Debug|x86 = Debug|x86
		Release|Any CPU = Release|Any CPU
		Release|x64 = Release|x64
		Release|x86 = Release|x86
	EndGlobalSection
	GlobalSection(SolutionProperties) = preSolution
		HideSolutionNode = FALSE
	EndGlobalSection
	GlobalSection(ProjectConfigurationPlatforms) = postSolution
		{E774BEAF-6251-486E-BF72-43D61987FC02}.Debug|Any CPU.ActiveCfg = Debug|Any CPU
		{E774BEAF-6251-486E-BF72-43D61987FC02}.Debug|Any CPU.Build.0 = Debug|Any CPU
		{E774BEAF-6251-486E-BF72-43D61987FC02}.Debug|x64.ActiveCfg = Debug|Any CPU
		{E774BEAF-6251-486E-BF72-43D61987FC02}.Debug|x64.Build.0 = Debug|Any CPU
		{E774BEAF-6251-486E-BF72-43D61987FC02}.Debug|x86.ActiveCfg = Debug|Any CPU
		{E774BEAF-6251-486E-BF72-43D61987FC02}.Debug|x86.Build.0 = Debug|Any CPU
		{E774BEAF-6251-486E-BF72-43D61987FC02}.Release|Any CPU.ActiveCfg = Release|Any CPU
		{E774BEAF-6251-486E-BF72-43D61987FC02}.Release|Any CPU.Build.0 = Release|Any CPU
		{E774BEAF-6251-486E-BF72-43D61987FC02}.Release|x64.ActiveCfg = Release|Any CPU
		{E774BEAF-6251-486E-BF72-43D61987FC02}.Release|x64.Build.0 = Release|Any CPU
		{E774BEAF-6251-486E-BF72-43D61987FC02}.Release|x86.ActiveCfg = Release|Any CPU
		{E774BEAF-6251-486E-BF72-43D61987FC02}.Release|x86.Build.0 = Release|Any CPU
		{6ECEF906-E0E3-4A2E-949B-7DB91C378439}.Debug|Any CPU.ActiveCfg = Debug|Any CPU
		{6ECEF906-E0E3-4A2E-949B-7DB91C378439}.Debug|Any CPU.Build.0 = Debug|Any CPU
		{6ECEF906-E0E3-4A2E-949B-7DB91C378439}.Debug|x64.ActiveCfg = Debug|Any CPU
		{6ECEF906-E0E3-4A2E-949B-7DB91C378439}.Debug|x64.Build.0 = Debug|Any CPU
		{6ECEF906-E0E3-4A2E-949B-7DB91C378439}.Debug|x86.ActiveCfg = Debug|Any CPU
		{6ECEF906-E0E3-4A2E-949B-7DB91C378439}.Debug|x86.Build.0 = Debug|Any CPU
		{6ECEF906-E0E3-4A2E-949B-7DB91C378439}.Release|Any CPU.ActiveCfg = Release|Any CPU
		{6ECEF906-E0E3-4A2E-949B-7DB91C378439}.Release|Any CPU.Build.0 = Release|Any CPU
		{6ECEF906-E0E3-4A2E-949B-7DB91C378439}.Release|x64.ActiveCfg = Release|Any CPU
		{6ECEF906-E0E3-4A2E-949B-7DB91C378439}.Release|x64.Build.0 = Release|Any CPU
		{6ECEF906-E0E3-4A2E-949B-7DB91C378439}.Release|x86.ActiveCfg = Release|Any CPU
		{6ECEF906-E0E3-4A2E-949B-7DB91C378439}.Release|x86.Build.0 = Release|Any CPU
		{EF1138D7-32AA-4582-A4CC-9A5FBB0BAA90}.Debug|Any CPU.ActiveCfg = Debug|Any CPU
		{EF1138D7-32AA-4582-A4CC-9A5FBB0BAA90}.Debug|Any CPU.Build.0 = Debug|Any CPU
		{EF1138D7-32AA-4582-A4CC-9A5FBB0BAA90}.Debug|x64.ActiveCfg = Debug|Any CPU
		{EF1138D7-32AA-4582-A4CC-9A5FBB0BAA90}.Debug|x64.Build.0 = Debug|Any CPU
		{EF1138D7-32AA-4582-A4CC-9A5FBB0BAA90}.Debug|x86.ActiveCfg = Debug|Any CPU
		{EF1138D7-32AA-4582-A4CC-9A5FBB0BAA90}.Debug|x86.Build.0 = Debug|Any CPU
		{EF1138D7-32AA-4582-A4CC-9A5FBB0BAA90}.Release|Any CPU.ActiveCfg = Release|Any CPU
		{EF1138D7-32AA-4582-A4CC-9A5FBB0BAA90}.Release|Any CPU.Build.0 = Release|Any CPU
		{EF1138D7-32AA-4582-A4CC-9A5FBB0BAA90}.Release|x64.ActiveCfg = Release|Any CPU
		{EF1138D7-32AA-4582-A4CC-9A5FBB0BAA90}.Release|x64.Build.0 = Release|Any CPU
		{EF1138D7-32AA-4582-A4CC-9A5FBB0BAA90}.Release|x86.ActiveCfg = Release|Any CPU
		{EF1138D7-32AA-4582-A4CC-9A5FBB0BAA90}.Release|x86.Build.0 = Release|Any CPU
		{273516B9-CF0F-47F3-9C20-CAD7B81B7050}.Debug|Any CPU.ActiveCfg = Debug|Any CPU
		{273516B9-CF0F-47F3-9C20-CAD7B81B7050}.Debug|Any CPU.Build.0 = Debug|Any CPU
		{273516B9-CF0F-47F3-9C20-CAD7B81B7050}.Debug|x64.ActiveCfg = Debug|Any CPU
		{273516B9-CF0F-47F3-9C20-CAD7B81B7050}.Debug|x64.Build.0 = Debug|Any CPU
		{273516B9-CF0F-47F3-9C20-CAD7B81B7050}.Debug|x86.ActiveCfg = Debug|Any CPU
		{273516B9-CF0F-47F3-9C20-CAD7B81B7050}.Debug|x86.Build.0 = Debug|Any CPU
		{273516B9-CF0F-47F3-9C20-CAD7B81B7050}.Release|Any CPU.ActiveCfg = Release|Any CPU
		{273516B9-CF0F-47F3-9C20-CAD7B81B7050}.Release|Any CPU.Build.0 = Release|Any CPU
		{273516B9-CF0F-47F3-9C20-CAD7B81B7050}.Release|x64.ActiveCfg = Release|Any CPU
		{273516B9-CF0F-47F3-9C20-CAD7B81B7050}.Release|x64.Build.0 = Release|Any CPU
		{273516B9-CF0F-47F3-9C20-CAD7B81B7050}.Release|x86.ActiveCfg = Release|Any CPU
		{273516B9-CF0F-47F3-9C20-CAD7B81B7050}.Release|x86.Build.0 = Release|Any CPU
	EndGlobalSection
EndGlobal
